// !$*UTF8*$!
{
	archiveVersion = 1;
	classes = {
	};
	objectVersion = 46;
	objects = {

/* Begin PBXBuildFile section */
		CE34961E14AE63EB00B7B018 /* icon_download.png in Resources */ = {isa = PBXBuildFile; fileRef = CE34961B14AE63EB00B7B018 /* icon_download.png */; };
		CE34961F14AE63EB00B7B018 /* icon_folder_bookmark.png in Resources */ = {isa = PBXBuildFile; fileRef = CE34961C14AE63EB00B7B018 /* icon_folder_bookmark.png */; };
		CE34962014AE63EB00B7B018 /* icon_key.png in Resources */ = {isa = PBXBuildFile; fileRef = CE34961D14AE63EB00B7B018 /* icon_key.png */; };
		CE444D4814AA7C810070916B /* Icon_114.png in Resources */ = {isa = PBXBuildFile; fileRef = CE444D4714AA7C810070916B /* Icon_114.png */; };
		CE444D4B14AA7C9B0070916B /* Icon_57.png in Resources */ = {isa = PBXBuildFile; fileRef = CE444D4A14AA7C9B0070916B /* Icon_57.png */; };
		CE444D4D14AA7CB60070916B /* Default@2x.png in Resources */ = {isa = PBXBuildFile; fileRef = CE444D4C14AA7CB60070916B /* Default@2x.png */; };
		CE444D4F14AA7CBF0070916B /* Default.png in Resources */ = {isa = PBXBuildFile; fileRef = CE444D4E14AA7CBF0070916B /* Default.png */; };
		CE444D5114AA7D4F0070916B /* HomeLogo.png in Resources */ = {isa = PBXBuildFile; fileRef = CE444D5014AA7D4F0070916B /* HomeLogo.png */; };
		CE444D5414AA7E2D0070916B /* icon_home.png in Resources */ = {isa = PBXBuildFile; fileRef = CE444D5214AA7E2D0070916B /* icon_home.png */; };
		CE444D5514AA7E2D0070916B /* icon_book.png in Resources */ = {isa = PBXBuildFile; fileRef = CE444D5314AA7E2D0070916B /* icon_book.png */; };
		CE50D69914AA66C100F2B403 /* WebServiceAPI.m in Sources */ = {isa = PBXBuildFile; fileRef = CE50D67C14AA66C000F2B403 /* WebServiceAPI.m */; };
		CE50D69A14AA66C100F2B403 /* CDataScanner.m in Sources */ = {isa = PBXBuildFile; fileRef = CE50D68014AA66C000F2B403 /* CDataScanner.m */; };
		CE50D69B14AA66C100F2B403 /* CFilteringJSONSerializer.m in Sources */ = {isa = PBXBuildFile; fileRef = CE50D68314AA66C000F2B403 /* CFilteringJSONSerializer.m */; };
		CE50D69C14AA66C100F2B403 /* CJSONDeserializer_BlocksExtensions.m in Sources */ = {isa = PBXBuildFile; fileRef = CE50D68514AA66C000F2B403 /* CJSONDeserializer_BlocksExtensions.m */; };
		CE50D69D14AA66C100F2B403 /* CJSONSerialization.m in Sources */ = {isa = PBXBuildFile; fileRef = CE50D68714AA66C000F2B403 /* CJSONSerialization.m */; };
		CE50D69E14AA66C100F2B403 /* CJSONSerializedData.m in Sources */ = {isa = PBXBuildFile; fileRef = CE50D68914AA66C000F2B403 /* CJSONSerializedData.m */; };
		CE50D69F14AA66C100F2B403 /* CDataScanner_Extensions.m in Sources */ = {isa = PBXBuildFile; fileRef = CE50D68C14AA66C000F2B403 /* CDataScanner_Extensions.m */; };
		CE50D6A014AA66C100F2B403 /* NSDictionary_JSONExtensions.m in Sources */ = {isa = PBXBuildFile; fileRef = CE50D68E14AA66C000F2B403 /* NSDictionary_JSONExtensions.m */; };
		CE50D6A114AA66C100F2B403 /* CJSONDeserializer.m in Sources */ = {isa = PBXBuildFile; fileRef = CE50D69114AA66C000F2B403 /* CJSONDeserializer.m */; };
		CE50D6A214AA66C100F2B403 /* CJSONScanner.m in Sources */ = {isa = PBXBuildFile; fileRef = CE50D69314AA66C000F2B403 /* CJSONScanner.m */; };
		CE50D6A314AA66C100F2B403 /* CJSONSerializer.m in Sources */ = {isa = PBXBuildFile; fileRef = CE50D69514AA66C000F2B403 /* CJSONSerializer.m */; };
		CE50D6A414AA66C100F2B403 /* libTouchJSON-iphoneos.a in Frameworks */ = {isa = PBXBuildFile; fileRef = CE50D69714AA66C000F2B403 /* libTouchJSON-iphoneos.a */; };
		CE50D6A514AA66C100F2B403 /* libTouchJSON-iphonesimulator.a in Frameworks */ = {isa = PBXBuildFile; fileRef = CE50D69814AA66C000F2B403 /* libTouchJSON-iphonesimulator.a */; };
		CE50D6AF14AA66D800F2B403 /* libGoogleAdMobAds.a in Frameworks */ = {isa = PBXBuildFile; fileRef = CE50D6AD14AA66D800F2B403 /* libGoogleAdMobAds.a */; };
		CE50D6B014AA66D800F2B403 /* README.txt in Resources */ = {isa = PBXBuildFile; fileRef = CE50D6AE14AA66D800F2B403 /* README.txt */; };
		CE50D6B814AA680500F2B403 /* FeedList.m in Sources */ = {isa = PBXBuildFile; fileRef = CE50D6B314AA680500F2B403 /* FeedList.m */; };
		CE50D6B914AA680500F2B403 /* NewsFeedItem.m in Sources */ = {isa = PBXBuildFile; fileRef = CE50D6B514AA680500F2B403 /* NewsFeedItem.m */; };
		CE50D6BA14AA680500F2B403 /* NewsFeed.m in Sources */ = {isa = PBXBuildFile; fileRef = CE50D6B714AA680500F2B403 /* NewsFeed.m */; };
		CE50D6C014AA696900F2B403 /* BrowserViewController.m in Sources */ = {isa = PBXBuildFile; fileRef = CE50D6BB14AA696800F2B403 /* BrowserViewController.m */; };
		CE50D6C114AA696900F2B403 /* BrowserViewController.xib in Resources */ = {isa = PBXBuildFile; fileRef = CE50D6BC14AA696800F2B403 /* BrowserViewController.xib */; };
		CE50D6C214AA696900F2B403 /* BaseViewController.m in Sources */ = {isa = PBXBuildFile; fileRef = CE50D6BF14AA696900F2B403 /* BaseViewController.m */; };
		CE50D6C414AA6AE800F2B403 /* AudioToolbox.framework in Frameworks */ = {isa = PBXBuildFile; fileRef = CE50D6C314AA6AE800F2B403 /* AudioToolbox.framework */; };
		CE50D6C614AA6AF400F2B403 /* SystemConfiguration.framework in Frameworks */ = {isa = PBXBuildFile; fileRef = CE50D6C514AA6AF400F2B403 /* SystemConfiguration.framework */; };
		CE50D6C914AA6B0B00F2B403 /* MediaPlayer.framework in Frameworks */ = {isa = PBXBuildFile; fileRef = CE50D6C714AA6B0B00F2B403 /* MediaPlayer.framework */; };
		CE50D6CA14AA6B0B00F2B403 /* MessageUI.framework in Frameworks */ = {isa = PBXBuildFile; fileRef = CE50D6C814AA6B0B00F2B403 /* MessageUI.framework */; };
		CE50D6D014AA6E5A00F2B403 /* HomeViewController.m in Sources */ = {isa = PBXBuildFile; fileRef = CE50D6CB14AA6E5800F2B403 /* HomeViewController.m */; };
		CE50D6D114AA6E5A00F2B403 /* HomeViewController.xib in Resources */ = {isa = PBXBuildFile; fileRef = CE50D6CD14AA6E5900F2B403 /* HomeViewController.xib */; };
		CE50D6D214AA6E5A00F2B403 /* HomeViewCell.m in Sources */ = {isa = PBXBuildFile; fileRef = CE50D6CE14AA6E5900F2B403 /* HomeViewCell.m */; };
		CE52982D14AA62BC009BBF0C /* UIKit.framework in Frameworks */ = {isa = PBXBuildFile; fileRef = CE52982C14AA62BC009BBF0C /* UIKit.framework */; };
		CE52982F14AA62BC009BBF0C /* Foundation.framework in Frameworks */ = {isa = PBXBuildFile; fileRef = CE52982E14AA62BC009BBF0C /* Foundation.framework */; };
		CE52983114AA62BC009BBF0C /* CoreGraphics.framework in Frameworks */ = {isa = PBXBuildFile; fileRef = CE52983014AA62BC009BBF0C /* CoreGraphics.framework */; };
		CE52983714AA62BC009BBF0C /* InfoPlist.strings in Resources */ = {isa = PBXBuildFile; fileRef = CE52983514AA62BC009BBF0C /* InfoPlist.strings */; };
		CE52983A14AA62BC009BBF0C /* main.m in Sources */ = {isa = PBXBuildFile; fileRef = CE52983914AA62BC009BBF0C /* main.m */; };
		CE52983D14AA62BC009BBF0C /* YardNewsAppDelegate.m in Sources */ = {isa = PBXBuildFile; fileRef = CE52983C14AA62BC009BBF0C /* YardNewsAppDelegate.m */; };
		CE52984014AA62BC009BBF0C /* MainWindow.xib in Resources */ = {isa = PBXBuildFile; fileRef = CE52983E14AA62BC009BBF0C /* MainWindow.xib */; };
		CE52984614AA62BC009BBF0C /* SecondViewController.m in Sources */ = {isa = PBXBuildFile; fileRef = CE52984514AA62BC009BBF0C /* SecondViewController.m */; };
		CE52984C14AA62BC009BBF0C /* SecondView.xib in Resources */ = {isa = PBXBuildFile; fileRef = CE52984A14AA62BC009BBF0C /* SecondView.xib */; };
/* End PBXBuildFile section */

/* Begin PBXFileReference section */
		CE34961B14AE63EB00B7B018 /* icon_download.png */ = {isa = PBXFileReference; lastKnownFileType = image.png; name = icon_download.png; path = YardNews/icon_download.png; sourceTree = "<group>"; };
		CE34961C14AE63EB00B7B018 /* icon_folder_bookmark.png */ = {isa = PBXFileReference; lastKnownFileType = image.png; name = icon_folder_bookmark.png; path = YardNews/icon_folder_bookmark.png; sourceTree = "<group>"; };
		CE34961D14AE63EB00B7B018 /* icon_key.png */ = {isa = PBXFileReference; lastKnownFileType = image.png; name = icon_key.png; path = YardNews/icon_key.png; sourceTree = "<group>"; };
		CE444D4714AA7C810070916B /* Icon_114.png */ = {isa = PBXFileReference; lastKnownFileType = image.png; path = Icon_114.png; sourceTree = "<group>"; };
		CE444D4A14AA7C9B0070916B /* Icon_57.png */ = {isa = PBXFileReference; lastKnownFileType = image.png; path = Icon_57.png; sourceTree = "<group>"; };
		CE444D4C14AA7CB60070916B /* Default@2x.png */ = {isa = PBXFileReference; lastKnownFileType = image.png; path = "Default@2x.png"; sourceTree = "<group>"; };
		CE444D4E14AA7CBF0070916B /* Default.png */ = {isa = PBXFileReference; lastKnownFileType = image.png; path = Default.png; sourceTree = "<group>"; };
		CE444D5014AA7D4F0070916B /* HomeLogo.png */ = {isa = PBXFileReference; lastKnownFileType = image.png; name = HomeLogo.png; path = YardNews/HomeLogo.png; sourceTree = "<group>"; };
		CE444D5214AA7E2D0070916B /* icon_home.png */ = {isa = PBXFileReference; lastKnownFileType = image.png; name = icon_home.png; path = YardNews/icon_home.png; sourceTree = "<group>"; };
		CE444D5314AA7E2D0070916B /* icon_book.png */ = {isa = PBXFileReference; lastKnownFileType = image.png; name = icon_book.png; path = YardNews/icon_book.png; sourceTree = "<group>"; };
		CE50D67C14AA66C000F2B403 /* WebServiceAPI.m */ = {isa = PBXFileReference; fileEncoding = 4; lastKnownFileType = sourcecode.c.objc; path = WebServiceAPI.m; sourceTree = "<group>"; };
		CE50D67D14AA66C000F2B403 /* WebServiceAPI.h */ = {isa = PBXFileReference; fileEncoding = 4; lastKnownFileType = sourcecode.c.h; path = WebServiceAPI.h; sourceTree = "<group>"; };
		CE50D67F14AA66C000F2B403 /* CDataScanner.h */ = {isa = PBXFileReference; fileEncoding = 4; lastKnownFileType = sourcecode.c.h; path = CDataScanner.h; sourceTree = "<group>"; };
		CE50D68014AA66C000F2B403 /* CDataScanner.m */ = {isa = PBXFileReference; fileEncoding = 4; lastKnownFileType = sourcecode.c.objc; path = CDataScanner.m; sourceTree = "<group>"; };
		CE50D68214AA66C000F2B403 /* CFilteringJSONSerializer.h */ = {isa = PBXFileReference; fileEncoding = 4; lastKnownFileType = sourcecode.c.h; path = CFilteringJSONSerializer.h; sourceTree = "<group>"; };
		CE50D68314AA66C000F2B403 /* CFilteringJSONSerializer.m */ = {isa = PBXFileReference; fileEncoding = 4; lastKnownFileType = sourcecode.c.objc; path = CFilteringJSONSerializer.m; sourceTree = "<group>"; };
		CE50D68414AA66C000F2B403 /* CJSONDeserializer_BlocksExtensions.h */ = {isa = PBXFileReference; fileEncoding = 4; lastKnownFileType = sourcecode.c.h; path = CJSONDeserializer_BlocksExtensions.h; sourceTree = "<group>"; };
		CE50D68514AA66C000F2B403 /* CJSONDeserializer_BlocksExtensions.m */ = {isa = PBXFileReference; fileEncoding = 4; lastKnownFileType = sourcecode.c.objc; path = CJSONDeserializer_BlocksExtensions.m; sourceTree = "<group>"; };
		CE50D68614AA66C000F2B403 /* CJSONSerialization.h */ = {isa = PBXFileReference; fileEncoding = 4; lastKnownFileType = sourcecode.c.h; path = CJSONSerialization.h; sourceTree = "<group>"; };
		CE50D68714AA66C000F2B403 /* CJSONSerialization.m */ = {isa = PBXFileReference; fileEncoding = 4; lastKnownFileType = sourcecode.c.objc; path = CJSONSerialization.m; sourceTree = "<group>"; };
		CE50D68814AA66C000F2B403 /* CJSONSerializedData.h */ = {isa = PBXFileReference; fileEncoding = 4; lastKnownFileType = sourcecode.c.h; path = CJSONSerializedData.h; sourceTree = "<group>"; };
		CE50D68914AA66C000F2B403 /* CJSONSerializedData.m */ = {isa = PBXFileReference; fileEncoding = 4; lastKnownFileType = sourcecode.c.objc; path = CJSONSerializedData.m; sourceTree = "<group>"; };
		CE50D68B14AA66C000F2B403 /* CDataScanner_Extensions.h */ = {isa = PBXFileReference; fileEncoding = 4; lastKnownFileType = sourcecode.c.h; path = CDataScanner_Extensions.h; sourceTree = "<group>"; };
		CE50D68C14AA66C000F2B403 /* CDataScanner_Extensions.m */ = {isa = PBXFileReference; fileEncoding = 4; lastKnownFileType = sourcecode.c.objc; path = CDataScanner_Extensions.m; sourceTree = "<group>"; };
		CE50D68D14AA66C000F2B403 /* NSDictionary_JSONExtensions.h */ = {isa = PBXFileReference; fileEncoding = 4; lastKnownFileType = sourcecode.c.h; path = NSDictionary_JSONExtensions.h; sourceTree = "<group>"; };
		CE50D68E14AA66C000F2B403 /* NSDictionary_JSONExtensions.m */ = {isa = PBXFileReference; fileEncoding = 4; lastKnownFileType = sourcecode.c.objc; path = NSDictionary_JSONExtensions.m; sourceTree = "<group>"; };
		CE50D69014AA66C000F2B403 /* CJSONDeserializer.h */ = {isa = PBXFileReference; fileEncoding = 4; lastKnownFileType = sourcecode.c.h; path = CJSONDeserializer.h; sourceTree = "<group>"; };
		CE50D69114AA66C000F2B403 /* CJSONDeserializer.m */ = {isa = PBXFileReference; fileEncoding = 4; lastKnownFileType = sourcecode.c.objc; path = CJSONDeserializer.m; sourceTree = "<group>"; };
		CE50D69214AA66C000F2B403 /* CJSONScanner.h */ = {isa = PBXFileReference; fileEncoding = 4; lastKnownFileType = sourcecode.c.h; path = CJSONScanner.h; sourceTree = "<group>"; };
		CE50D69314AA66C000F2B403 /* CJSONScanner.m */ = {isa = PBXFileReference; fileEncoding = 4; lastKnownFileType = sourcecode.c.objc; path = CJSONScanner.m; sourceTree = "<group>"; };
		CE50D69414AA66C000F2B403 /* CJSONSerializer.h */ = {isa = PBXFileReference; fileEncoding = 4; lastKnownFileType = sourcecode.c.h; path = CJSONSerializer.h; sourceTree = "<group>"; };
		CE50D69514AA66C000F2B403 /* CJSONSerializer.m */ = {isa = PBXFileReference; fileEncoding = 4; lastKnownFileType = sourcecode.c.objc; path = CJSONSerializer.m; sourceTree = "<group>"; };
		CE50D69614AA66C000F2B403 /* JSONRepresentation.h */ = {isa = PBXFileReference; fileEncoding = 4; lastKnownFileType = sourcecode.c.h; path = JSONRepresentation.h; sourceTree = "<group>"; };
		CE50D69714AA66C000F2B403 /* libTouchJSON-iphoneos.a */ = {isa = PBXFileReference; lastKnownFileType = archive.ar; path = "libTouchJSON-iphoneos.a"; sourceTree = "<group>"; };
		CE50D69814AA66C000F2B403 /* libTouchJSON-iphonesimulator.a */ = {isa = PBXFileReference; lastKnownFileType = archive.ar; path = "libTouchJSON-iphonesimulator.a"; sourceTree = "<group>"; };
		CE50D6A714AA66D800F2B403 /* GADBannerView.h */ = {isa = PBXFileReference; fileEncoding = 4; lastKnownFileType = sourcecode.c.h; path = GADBannerView.h; sourceTree = "<group>"; };
		CE50D6A814AA66D800F2B403 /* GADBannerViewDelegate.h */ = {isa = PBXFileReference; fileEncoding = 4; lastKnownFileType = sourcecode.c.h; path = GADBannerViewDelegate.h; sourceTree = "<group>"; };
		CE50D6A914AA66D800F2B403 /* GADInterstitial.h */ = {isa = PBXFileReference; fileEncoding = 4; lastKnownFileType = sourcecode.c.h; path = GADInterstitial.h; sourceTree = "<group>"; };
		CE50D6AA14AA66D800F2B403 /* GADInterstitialDelegate.h */ = {isa = PBXFileReference; fileEncoding = 4; lastKnownFileType = sourcecode.c.h; path = GADInterstitialDelegate.h; sourceTree = "<group>"; };
		CE50D6AB14AA66D800F2B403 /* GADRequest.h */ = {isa = PBXFileReference; fileEncoding = 4; lastKnownFileType = sourcecode.c.h; path = GADRequest.h; sourceTree = "<group>"; };
		CE50D6AC14AA66D800F2B403 /* GADRequestError.h */ = {isa = PBXFileReference; fileEncoding = 4; lastKnownFileType = sourcecode.c.h; path = GADRequestError.h; sourceTree = "<group>"; };
		CE50D6AD14AA66D800F2B403 /* libGoogleAdMobAds.a */ = {isa = PBXFileReference; lastKnownFileType = archive.ar; path = libGoogleAdMobAds.a; sourceTree = "<group>"; };
		CE50D6AE14AA66D800F2B403 /* README.txt */ = {isa = PBXFileReference; fileEncoding = 4; lastKnownFileType = text; path = README.txt; sourceTree = "<group>"; };
		CE50D6B214AA680500F2B403 /* FeedList.h */ = {isa = PBXFileReference; fileEncoding = 4; lastKnownFileType = sourcecode.c.h; path = FeedList.h; sourceTree = "<group>"; };
		CE50D6B314AA680500F2B403 /* FeedList.m */ = {isa = PBXFileReference; fileEncoding = 4; lastKnownFileType = sourcecode.c.objc; path = FeedList.m; sourceTree = "<group>"; };
		CE50D6B414AA680500F2B403 /* NewsFeedItem.h */ = {isa = PBXFileReference; fileEncoding = 4; lastKnownFileType = sourcecode.c.h; path = NewsFeedItem.h; sourceTree = "<group>"; };
		CE50D6B514AA680500F2B403 /* NewsFeedItem.m */ = {isa = PBXFileReference; fileEncoding = 4; lastKnownFileType = sourcecode.c.objc; path = NewsFeedItem.m; sourceTree = "<group>"; };
		CE50D6B614AA680500F2B403 /* NewsFeed.h */ = {isa = PBXFileReference; fileEncoding = 4; lastKnownFileType = sourcecode.c.h; path = NewsFeed.h; sourceTree = "<group>"; };
		CE50D6B714AA680500F2B403 /* NewsFeed.m */ = {isa = PBXFileReference; fileEncoding = 4; lastKnownFileType = sourcecode.c.objc; path = NewsFeed.m; sourceTree = "<group>"; };
		CE50D6BB14AA696800F2B403 /* BrowserViewController.m */ = {isa = PBXFileReference; fileEncoding = 4; lastKnownFileType = sourcecode.c.objc; path = BrowserViewController.m; sourceTree = "<group>"; };
		CE50D6BC14AA696800F2B403 /* BrowserViewController.xib */ = {isa = PBXFileReference; fileEncoding = 4; lastKnownFileType = file.xib; path = BrowserViewController.xib; sourceTree = "<group>"; };
		CE50D6BD14AA696800F2B403 /* BrowserViewController.h */ = {isa = PBXFileReference; fileEncoding = 4; lastKnownFileType = sourcecode.c.h; path = BrowserViewController.h; sourceTree = "<group>"; };
		CE50D6BE14AA696800F2B403 /* BaseViewController.h */ = {isa = PBXFileReference; fileEncoding = 4; lastKnownFileType = sourcecode.c.h; path = BaseViewController.h; sourceTree = "<group>"; };
		CE50D6BF14AA696900F2B403 /* BaseViewController.m */ = {isa = PBXFileReference; fileEncoding = 4; lastKnownFileType = sourcecode.c.objc; path = BaseViewController.m; sourceTree = "<group>"; };
		CE50D6C314AA6AE800F2B403 /* AudioToolbox.framework */ = {isa = PBXFileReference; lastKnownFileType = wrapper.framework; name = AudioToolbox.framework; path = System/Library/Frameworks/AudioToolbox.framework; sourceTree = SDKROOT; };
		CE50D6C514AA6AF400F2B403 /* SystemConfiguration.framework */ = {isa = PBXFileReference; lastKnownFileType = wrapper.framework; name = SystemConfiguration.framework; path = System/Library/Frameworks/SystemConfiguration.framework; sourceTree = SDKROOT; };
		CE50D6C714AA6B0B00F2B403 /* MediaPlayer.framework */ = {isa = PBXFileReference; lastKnownFileType = wrapper.framework; name = MediaPlayer.framework; path = System/Library/Frameworks/MediaPlayer.framework; sourceTree = SDKROOT; };
		CE50D6C814AA6B0B00F2B403 /* MessageUI.framework */ = {isa = PBXFileReference; lastKnownFileType = wrapper.framework; name = MessageUI.framework; path = System/Library/Frameworks/MessageUI.framework; sourceTree = SDKROOT; };
		CE50D6CB14AA6E5800F2B403 /* HomeViewController.m */ = {isa = PBXFileReference; fileEncoding = 4; lastKnownFileType = sourcecode.c.objc; path = HomeViewController.m; sourceTree = "<group>"; };
		CE50D6CC14AA6E5900F2B403 /* HomeViewController.h */ = {isa = PBXFileReference; fileEncoding = 4; lastKnownFileType = sourcecode.c.h; path = HomeViewController.h; sourceTree = "<group>"; };
		CE50D6CD14AA6E5900F2B403 /* HomeViewController.xib */ = {isa = PBXFileReference; fileEncoding = 4; lastKnownFileType = file.xib; path = HomeViewController.xib; sourceTree = "<group>"; };
		CE50D6CE14AA6E5900F2B403 /* HomeViewCell.m */ = {isa = PBXFileReference; fileEncoding = 4; lastKnownFileType = sourcecode.c.objc; path = HomeViewCell.m; sourceTree = "<group>"; };
		CE50D6CF14AA6E5A00F2B403 /* HomeViewCell.h */ = {isa = PBXFileReference; fileEncoding = 4; lastKnownFileType = sourcecode.c.h; path = HomeViewCell.h; sourceTree = "<group>"; };
		CE52982814AA62BC009BBF0C /* YardNews.app */ = {isa = PBXFileReference; explicitFileType = wrapper.application; includeInIndex = 0; path = YardNews.app; sourceTree = BUILT_PRODUCTS_DIR; };
		CE52982C14AA62BC009BBF0C /* UIKit.framework */ = {isa = PBXFileReference; lastKnownFileType = wrapper.framework; name = UIKit.framework; path = System/Library/Frameworks/UIKit.framework; sourceTree = SDKROOT; };
		CE52982E14AA62BC009BBF0C /* Foundation.framework */ = {isa = PBXFileReference; lastKnownFileType = wrapper.framework; name = Foundation.framework; path = System/Library/Frameworks/Foundation.framework; sourceTree = SDKROOT; };
		CE52983014AA62BC009BBF0C /* CoreGraphics.framework */ = {isa = PBXFileReference; lastKnownFileType = wrapper.framework; name = CoreGraphics.framework; path = System/Library/Frameworks/CoreGraphics.framework; sourceTree = SDKROOT; };
		CE52983414AA62BC009BBF0C /* YardNews-Info.plist */ = {isa = PBXFileReference; lastKnownFileType = text.plist.xml; path = "YardNews-Info.plist"; sourceTree = "<group>"; };
		CE52983614AA62BC009BBF0C /* en */ = {isa = PBXFileReference; lastKnownFileType = text.plist.strings; name = en; path = en.lproj/InfoPlist.strings; sourceTree = "<group>"; };
		CE52983814AA62BC009BBF0C /* YardNews-Prefix.pch */ = {isa = PBXFileReference; lastKnownFileType = sourcecode.c.h; path = "YardNews-Prefix.pch"; sourceTree = "<group>"; };
		CE52983914AA62BC009BBF0C /* main.m */ = {isa = PBXFileReference; lastKnownFileType = sourcecode.c.objc; path = main.m; sourceTree = "<group>"; };
		CE52983B14AA62BC009BBF0C /* YardNewsAppDelegate.h */ = {isa = PBXFileReference; lastKnownFileType = sourcecode.c.h; path = YardNewsAppDelegate.h; sourceTree = "<group>"; };
		CE52983C14AA62BC009BBF0C /* YardNewsAppDelegate.m */ = {isa = PBXFileReference; lastKnownFileType = sourcecode.c.objc; path = YardNewsAppDelegate.m; sourceTree = "<group>"; };
		CE52983F14AA62BC009BBF0C /* en */ = {isa = PBXFileReference; lastKnownFileType = file.xib; name = en; path = en.lproj/MainWindow.xib; sourceTree = "<group>"; };
		CE52984414AA62BC009BBF0C /* SecondViewController.h */ = {isa = PBXFileReference; lastKnownFileType = sourcecode.c.h; path = SecondViewController.h; sourceTree = "<group>"; };
		CE52984514AA62BC009BBF0C /* SecondViewController.m */ = {isa = PBXFileReference; lastKnownFileType = sourcecode.c.objc; path = SecondViewController.m; sourceTree = "<group>"; };
		CE52984B14AA62BC009BBF0C /* en */ = {isa = PBXFileReference; lastKnownFileType = file.xib; name = en; path = en.lproj/SecondView.xib; sourceTree = "<group>"; };
/* End PBXFileReference section */

/* Begin PBXFrameworksBuildPhase section */
		CE52982514AA62BC009BBF0C /* Frameworks */ = {
			isa = PBXFrameworksBuildPhase;
			buildActionMask = 2147483647;
			files = (
				CE50D6C914AA6B0B00F2B403 /* MediaPlayer.framework in Frameworks */,
				CE50D6CA14AA6B0B00F2B403 /* MessageUI.framework in Frameworks */,
				CE50D6C614AA6AF400F2B403 /* SystemConfiguration.framework in Frameworks */,
				CE50D6C414AA6AE800F2B403 /* AudioToolbox.framework in Frameworks */,
				CE52982D14AA62BC009BBF0C /* UIKit.framework in Frameworks */,
				CE52982F14AA62BC009BBF0C /* Foundation.framework in Frameworks */,
				CE52983114AA62BC009BBF0C /* CoreGraphics.framework in Frameworks */,
				CE50D6A414AA66C100F2B403 /* libTouchJSON-iphoneos.a in Frameworks */,
				CE50D6A514AA66C100F2B403 /* libTouchJSON-iphonesimulator.a in Frameworks */,
				CE50D6AF14AA66D800F2B403 /* libGoogleAdMobAds.a in Frameworks */,
			);
			runOnlyForDeploymentPostprocessing = 0;
		};
/* End PBXFrameworksBuildPhase section */

/* Begin PBXGroup section */
		CE50D67B14AA655200F2B403 /* DAL */ = {
			isa = PBXGroup;
			children = (
				CE50D67C14AA66C000F2B403 /* WebServiceAPI.m */,
				CE50D67D14AA66C000F2B403 /* WebServiceAPI.h */,
				CE50D67E14AA66C000F2B403 /* JSON */,
			);
			name = DAL;
			sourceTree = "<group>";
		};
		CE50D67E14AA66C000F2B403 /* JSON */ = {
			isa = PBXGroup;
			children = (
				CE50D67F14AA66C000F2B403 /* CDataScanner.h */,
				CE50D68014AA66C000F2B403 /* CDataScanner.m */,
				CE50D68114AA66C000F2B403 /* Experimental */,
				CE50D68A14AA66C000F2B403 /* Extensions */,
				CE50D68F14AA66C000F2B403 /* JSON */,
				CE50D69714AA66C000F2B403 /* libTouchJSON-iphoneos.a */,
				CE50D69814AA66C000F2B403 /* libTouchJSON-iphonesimulator.a */,
			);
			path = JSON;
			sourceTree = "<group>";
		};
		CE50D68114AA66C000F2B403 /* Experimental */ = {
			isa = PBXGroup;
			children = (
				CE50D68214AA66C000F2B403 /* CFilteringJSONSerializer.h */,
				CE50D68314AA66C000F2B403 /* CFilteringJSONSerializer.m */,
				CE50D68414AA66C000F2B403 /* CJSONDeserializer_BlocksExtensions.h */,
				CE50D68514AA66C000F2B403 /* CJSONDeserializer_BlocksExtensions.m */,
				CE50D68614AA66C000F2B403 /* CJSONSerialization.h */,
				CE50D68714AA66C000F2B403 /* CJSONSerialization.m */,
				CE50D68814AA66C000F2B403 /* CJSONSerializedData.h */,
				CE50D68914AA66C000F2B403 /* CJSONSerializedData.m */,
			);
			path = Experimental;
			sourceTree = "<group>";
		};
		CE50D68A14AA66C000F2B403 /* Extensions */ = {
			isa = PBXGroup;
			children = (
				CE50D68B14AA66C000F2B403 /* CDataScanner_Extensions.h */,
				CE50D68C14AA66C000F2B403 /* CDataScanner_Extensions.m */,
				CE50D68D14AA66C000F2B403 /* NSDictionary_JSONExtensions.h */,
				CE50D68E14AA66C000F2B403 /* NSDictionary_JSONExtensions.m */,
			);
			path = Extensions;
			sourceTree = "<group>";
		};
		CE50D68F14AA66C000F2B403 /* JSON */ = {
			isa = PBXGroup;
			children = (
				CE50D69014AA66C000F2B403 /* CJSONDeserializer.h */,
				CE50D69114AA66C000F2B403 /* CJSONDeserializer.m */,
				CE50D69214AA66C000F2B403 /* CJSONScanner.h */,
				CE50D69314AA66C000F2B403 /* CJSONScanner.m */,
				CE50D69414AA66C000F2B403 /* CJSONSerializer.h */,
				CE50D69514AA66C000F2B403 /* CJSONSerializer.m */,
				CE50D69614AA66C000F2B403 /* JSONRepresentation.h */,
			);
			path = JSON;
			sourceTree = "<group>";
		};
		CE50D6A614AA66D800F2B403 /* AdMob */ = {
			isa = PBXGroup;
			children = (
				CE50D6A714AA66D800F2B403 /* GADBannerView.h */,
				CE50D6A814AA66D800F2B403 /* GADBannerViewDelegate.h */,
				CE50D6A914AA66D800F2B403 /* GADInterstitial.h */,
				CE50D6AA14AA66D800F2B403 /* GADInterstitialDelegate.h */,
				CE50D6AB14AA66D800F2B403 /* GADRequest.h */,
				CE50D6AC14AA66D800F2B403 /* GADRequestError.h */,
				CE50D6AD14AA66D800F2B403 /* libGoogleAdMobAds.a */,
				CE50D6AE14AA66D800F2B403 /* README.txt */,
			);
			path = AdMob;
			sourceTree = "<group>";
		};
		CE50D6B114AA67B500F2B403 /* Classes */ = {
			isa = PBXGroup;
			children = (
				CE50D6B214AA680500F2B403 /* FeedList.h */,
				CE50D6B314AA680500F2B403 /* FeedList.m */,
				CE50D6B414AA680500F2B403 /* NewsFeedItem.h */,
				CE50D6B514AA680500F2B403 /* NewsFeedItem.m */,
				CE50D6B614AA680500F2B403 /* NewsFeed.h */,
				CE50D6B714AA680500F2B403 /* NewsFeed.m */,
			);
			name = Classes;
			sourceTree = "<group>";
		};
		CE52981D14AA62BC009BBF0C = {
			isa = PBXGroup;
			children = (
				CE34961B14AE63EB00B7B018 /* icon_download.png */,
				CE34961C14AE63EB00B7B018 /* icon_folder_bookmark.png */,
				CE34961D14AE63EB00B7B018 /* icon_key.png */,
				CE444D5214AA7E2D0070916B /* icon_home.png */,
				CE444D5314AA7E2D0070916B /* icon_book.png */,
				CE444D5014AA7D4F0070916B /* HomeLogo.png */,
				CE444D4E14AA7CBF0070916B /* Default.png */,
				CE444D4C14AA7CB60070916B /* Default@2x.png */,
				CE444D4A14AA7C9B0070916B /* Icon_57.png */,
				CE444D4714AA7C810070916B /* Icon_114.png */,
				CE52983214AA62BC009BBF0C /* YardNews */,
				CE52982B14AA62BC009BBF0C /* Frameworks */,
				CE52982914AA62BC009BBF0C /* Products */,
			);
			sourceTree = "<group>";
		};
		CE52982914AA62BC009BBF0C /* Products */ = {
			isa = PBXGroup;
			children = (
				CE52982814AA62BC009BBF0C /* YardNews.app */,
			);
			name = Products;
			sourceTree = "<group>";
		};
		CE52982B14AA62BC009BBF0C /* Frameworks */ = {
			isa = PBXGroup;
			children = (
				CE50D6C714AA6B0B00F2B403 /* MediaPlayer.framework */,
				CE50D6C814AA6B0B00F2B403 /* MessageUI.framework */,
				CE50D6C514AA6AF400F2B403 /* SystemConfiguration.framework */,
				CE50D6C314AA6AE800F2B403 /* AudioToolbox.framework */,
				CE52982C14AA62BC009BBF0C /* UIKit.framework */,
				CE52982E14AA62BC009BBF0C /* Foundation.framework */,
				CE52983014AA62BC009BBF0C /* CoreGraphics.framework */,
			);
			name = Frameworks;
			sourceTree = "<group>";
		};
		CE52983214AA62BC009BBF0C /* YardNews */ = {
			isa = PBXGroup;
			children = (
				CE50D6CB14AA6E5800F2B403 /* HomeViewController.m */,
				CE50D6CC14AA6E5900F2B403 /* HomeViewController.h */,
				CE50D6CD14AA6E5900F2B403 /* HomeViewController.xib */,
				CE50D6CE14AA6E5900F2B403 /* HomeViewCell.m */,
				CE50D6CF14AA6E5A00F2B403 /* HomeViewCell.h */,
				CE50D6BB14AA696800F2B403 /* BrowserViewController.m */,
				CE50D6BC14AA696800F2B403 /* BrowserViewController.xib */,
				CE50D6BD14AA696800F2B403 /* BrowserViewController.h */,
				CE50D6BE14AA696800F2B403 /* BaseViewController.h */,
				CE50D6BF14AA696900F2B403 /* BaseViewController.m */,
				CE50D6B114AA67B500F2B403 /* Classes */,
				CE50D6A614AA66D800F2B403 /* AdMob */,
				CE50D67B14AA655200F2B403 /* DAL */,
				CE52983B14AA62BC009BBF0C /* YardNewsAppDelegate.h */,
				CE52983C14AA62BC009BBF0C /* YardNewsAppDelegate.m */,
				CE52983E14AA62BC009BBF0C /* MainWindow.xib */,
				CE52984414AA62BC009BBF0C /* SecondViewController.h */,
				CE52984514AA62BC009BBF0C /* SecondViewController.m */,
				CE52984A14AA62BC009BBF0C /* SecondView.xib */,
				CE52983314AA62BC009BBF0C /* Supporting Files */,
			);
			path = YardNews;
			sourceTree = "<group>";
		};
		CE52983314AA62BC009BBF0C /* Supporting Files */ = {
			isa = PBXGroup;
			children = (
				CE52983414AA62BC009BBF0C /* YardNews-Info.plist */,
				CE52983514AA62BC009BBF0C /* InfoPlist.strings */,
				CE52983814AA62BC009BBF0C /* YardNews-Prefix.pch */,
				CE52983914AA62BC009BBF0C /* main.m */,
			);
			name = "Supporting Files";
			sourceTree = "<group>";
		};
/* End PBXGroup section */

/* Begin PBXNativeTarget section */
		CE52982714AA62BC009BBF0C /* YardNews */ = {
			isa = PBXNativeTarget;
			buildConfigurationList = CE52984F14AA62BC009BBF0C /* Build configuration list for PBXNativeTarget "YardNews" */;
			buildPhases = (
				CE52982414AA62BC009BBF0C /* Sources */,
				CE52982514AA62BC009BBF0C /* Frameworks */,
				CE52982614AA62BC009BBF0C /* Resources */,
			);
			buildRules = (
			);
			dependencies = (
			);
			name = YardNews;
			productName = YardNews;
			productReference = CE52982814AA62BC009BBF0C /* YardNews.app */;
			productType = "com.apple.product-type.application";
		};
/* End PBXNativeTarget section */

/* Begin PBXProject section */
		CE52981F14AA62BC009BBF0C /* Project object */ = {
			isa = PBXProject;
			buildConfigurationList = CE52982214AA62BC009BBF0C /* Build configuration list for PBXProject "YardNews" */;
			compatibilityVersion = "Xcode 3.2";
			developmentRegion = English;
			hasScannedForEncodings = 0;
			knownRegions = (
				en,
			);
			mainGroup = CE52981D14AA62BC009BBF0C;
			productRefGroup = CE52982914AA62BC009BBF0C /* Products */;
			projectDirPath = "";
			projectRoot = "";
			targets = (
				CE52982714AA62BC009BBF0C /* YardNews */,
			);
		};
/* End PBXProject section */

/* Begin PBXResourcesBuildPhase section */
		CE52982614AA62BC009BBF0C /* Resources */ = {
			isa = PBXResourcesBuildPhase;
			buildActionMask = 2147483647;
			files = (
				CE52983714AA62BC009BBF0C /* InfoPlist.strings in Resources */,
				CE52984014AA62BC009BBF0C /* MainWindow.xib in Resources */,
				CE52984C14AA62BC009BBF0C /* SecondView.xib in Resources */,
				CE50D6B014AA66D800F2B403 /* README.txt in Resources */,
				CE50D6C114AA696900F2B403 /* BrowserViewController.xib in Resources */,
				CE50D6D114AA6E5A00F2B403 /* HomeViewController.xib in Resources */,
				CE444D4814AA7C810070916B /* Icon_114.png in Resources */,
				CE444D4B14AA7C9B0070916B /* Icon_57.png in Resources */,
				CE444D4D14AA7CB60070916B /* Default@2x.png in Resources */,
				CE444D4F14AA7CBF0070916B /* Default.png in Resources */,
				CE444D5114AA7D4F0070916B /* HomeLogo.png in Resources */,
				CE444D5414AA7E2D0070916B /* icon_home.png in Resources */,
				CE444D5514AA7E2D0070916B /* icon_book.png in Resources */,
				CE34961E14AE63EB00B7B018 /* icon_download.png in Resources */,
				CE34961F14AE63EB00B7B018 /* icon_folder_bookmark.png in Resources */,
				CE34962014AE63EB00B7B018 /* icon_key.png in Resources */,
			);
			runOnlyForDeploymentPostprocessing = 0;
		};
/* End PBXResourcesBuildPhase section */

/* Begin PBXSourcesBuildPhase section */
		CE52982414AA62BC009BBF0C /* Sources */ = {
			isa = PBXSourcesBuildPhase;
			buildActionMask = 2147483647;
			files = (
				CE52983A14AA62BC009BBF0C /* main.m in Sources */,
				CE52983D14AA62BC009BBF0C /* YardNewsAppDelegate.m in Sources */,
				CE52984614AA62BC009BBF0C /* SecondViewController.m in Sources */,
				CE50D69914AA66C100F2B403 /* WebServiceAPI.m in Sources */,
				CE50D69A14AA66C100F2B403 /* CDataScanner.m in Sources */,
				CE50D69B14AA66C100F2B403 /* CFilteringJSONSerializer.m in Sources */,
				CE50D69C14AA66C100F2B403 /* CJSONDeserializer_BlocksExtensions.m in Sources */,
				CE50D69D14AA66C100F2B403 /* CJSONSerialization.m in Sources */,
				CE50D69E14AA66C100F2B403 /* CJSONSerializedData.m in Sources */,
				CE50D69F14AA66C100F2B403 /* CDataScanner_Extensions.m in Sources */,
				CE50D6A014AA66C100F2B403 /* NSDictionary_JSONExtensions.m in Sources */,
				CE50D6A114AA66C100F2B403 /* CJSONDeserializer.m in Sources */,
				CE50D6A214AA66C100F2B403 /* CJSONScanner.m in Sources */,
				CE50D6A314AA66C100F2B403 /* CJSONSerializer.m in Sources */,
				CE50D6B814AA680500F2B403 /* FeedList.m in Sources */,
				CE50D6B914AA680500F2B403 /* NewsFeedItem.m in Sources */,
				CE50D6BA14AA680500F2B403 /* NewsFeed.m in Sources */,
				CE50D6C014AA696900F2B403 /* BrowserViewController.m in Sources */,
				CE50D6C214AA696900F2B403 /* BaseViewController.m in Sources */,
				CE50D6D014AA6E5A00F2B403 /* HomeViewController.m in Sources */,
				CE50D6D214AA6E5A00F2B403 /* HomeViewCell.m in Sources */,
			);
			runOnlyForDeploymentPostprocessing = 0;
		};
/* End PBXSourcesBuildPhase section */

/* Begin PBXVariantGroup section */
		CE52983514AA62BC009BBF0C /* InfoPlist.strings */ = {
			isa = PBXVariantGroup;
			children = (
				CE52983614AA62BC009BBF0C /* en */,
			);
			name = InfoPlist.strings;
			sourceTree = "<group>";
		};
		CE52983E14AA62BC009BBF0C /* MainWindow.xib */ = {
			isa = PBXVariantGroup;
			children = (
				CE52983F14AA62BC009BBF0C /* en */,
			);
			name = MainWindow.xib;
			sourceTree = "<group>";
		};
		CE52984A14AA62BC009BBF0C /* SecondView.xib */ = {
			isa = PBXVariantGroup;
			children = (
				CE52984B14AA62BC009BBF0C /* en */,
			);
			name = SecondView.xib;
			sourceTree = "<group>";
		};
/* End PBXVariantGroup section */

/* Begin XCBuildConfiguration section */
		CE52984D14AA62BC009BBF0C /* Debug */ = {
			isa = XCBuildConfiguration;
			buildSettings = {
				ARCHS = "$(ARCHS_STANDARD_32_BIT)";
				CODE_SIGN_IDENTITY = "iPhone Distribution: Jermaine McCarthy";
				"CODE_SIGN_IDENTITY[sdk=iphoneos*]" = "iPhone Distribution: Jermaine McCarthy";
				GCC_C_LANGUAGE_STANDARD = gnu99;
				GCC_OPTIMIZATION_LEVEL = 0;
				GCC_PREPROCESSOR_DEFINITIONS = DEBUG;
				GCC_SYMBOLS_PRIVATE_EXTERN = NO;
				GCC_VERSION = com.apple.compilers.llvmgcc42;
				GCC_WARN_ABOUT_RETURN_TYPE = YES;
				GCC_WARN_UNUSED_VARIABLE = YES;
				IPHONEOS_DEPLOYMENT_TARGET = 4.3;
				PROVISIONING_PROFILE = "3058B93D-5A68-4365-A0BF-81C8584ECDC3";
				"PROVISIONING_PROFILE[sdk=iphoneos*]" = "3058B93D-5A68-4365-A0BF-81C8584ECDC3";
				SDKROOT = iphoneos;
			};
			name = Debug;
		};
		CE52984E14AA62BC009BBF0C /* Release */ = {
			isa = XCBuildConfiguration;
			buildSettings = {
				ARCHS = "$(ARCHS_STANDARD_32_BIT)";
				CODE_SIGN_IDENTITY = "iPhone Distribution: Jermaine McCarthy";
				"CODE_SIGN_IDENTITY[sdk=iphoneos*]" = "iPhone Distribution: Jermaine McCarthy";
				GCC_C_LANGUAGE_STANDARD = gnu99;
				GCC_VERSION = com.apple.compilers.llvmgcc42;
				GCC_WARN_ABOUT_RETURN_TYPE = YES;
				GCC_WARN_UNUSED_VARIABLE = YES;
				IPHONEOS_DEPLOYMENT_TARGET = 4.3;
				OTHER_CFLAGS = "-DNS_BLOCK_ASSERTIONS=1";
				PROVISIONING_PROFILE = "3058B93D-5A68-4365-A0BF-81C8584ECDC3";
				"PROVISIONING_PROFILE[sdk=iphoneos*]" = "3058B93D-5A68-4365-A0BF-81C8584ECDC3";
				SDKROOT = iphoneos;
			};
			name = Release;
		};
		CE52985014AA62BC009BBF0C /* Debug */ = {
			isa = XCBuildConfiguration;
			buildSettings = {
				ALWAYS_SEARCH_USER_PATHS = NO;
				CODE_SIGN_IDENTITY = "iPhone Distribution: Jermaine McCarthy";
				"CODE_SIGN_IDENTITY[sdk=iphoneos*]" = "iPhone Distribution: Jermaine McCarthy";
				COPY_PHASE_STRIP = NO;
				GCC_DYNAMIC_NO_PIC = NO;
				GCC_PRECOMPILE_PREFIX_HEADER = YES;
				GCC_PREFIX_HEADER = "YardNews/YardNews-Prefix.pch";
				INFOPLIST_FILE = "YardNews/YardNews-Info.plist";
				IPHONEOS_DEPLOYMENT_TARGET = 4.3;
				LIBRARY_SEARCH_PATHS = (
					"$(inherited)",
					"\"$(SRCROOT)/YardNews/JSON\"",
					"\"$(SRCROOT)/YardNews/AdMob\"",
				);
				PRODUCT_NAME = "$(TARGET_NAME)";
				PROVISIONING_PROFILE = "3058B93D-5A68-4365-A0BF-81C8584ECDC3";
				"PROVISIONING_PROFILE[sdk=iphoneos*]" = "3058B93D-5A68-4365-A0BF-81C8584ECDC3";
				TARGETED_DEVICE_FAMILY = 1;
				WRAPPER_EXTENSION = app;
			};
			name = Debug;
		};
		CE52985114AA62BC009BBF0C /* Release */ = {
			isa = XCBuildConfiguration;
			buildSettings = {
				ALWAYS_SEARCH_USER_PATHS = NO;
				CODE_SIGN_IDENTITY = "iPhone Distribution: Jermaine McCarthy";
				"CODE_SIGN_IDENTITY[sdk=iphoneos*]" = "iPhone Distribution: Jermaine McCarthy";
				COPY_PHASE_STRIP = YES;
				GCC_PRECOMPILE_PREFIX_HEADER = YES;
				GCC_PREFIX_HEADER = "YardNews/YardNews-Prefix.pch";
				INFOPLIST_FILE = "YardNews/YardNews-Info.plist";
				IPHONEOS_DEPLOYMENT_TARGET = 4.3;
				LIBRARY_SEARCH_PATHS = (
					"$(inherited)",
					"\"$(SRCROOT)/YardNews/JSON\"",
					"\"$(SRCROOT)/YardNews/AdMob\"",
				);
				PRODUCT_NAME = "$(TARGET_NAME)";
				PROVISIONING_PROFILE = "3058B93D-5A68-4365-A0BF-81C8584ECDC3";
				"PROVISIONING_PROFILE[sdk=iphoneos*]" = "3058B93D-5A68-4365-A0BF-81C8584ECDC3";
				TARGETED_DEVICE_FAMILY = 1;
				VALIDATE_PRODUCT = YES;
				WRAPPER_EXTENSION = app;
			};
			name = Release;
		};
/* End XCBuildConfiguration section */

/* Begin XCConfigurationList section */
		CE52982214AA62BC009BBF0C /* Build configuration list for PBXProject "YardNews" */ = {
			isa = XCConfigurationList;
			buildConfigurations = (
				CE52984D14AA62BC009BBF0C /* Debug */,
				CE52984E14AA62BC009BBF0C /* Release */,
			);
			defaultConfigurationIsVisible = 0;
			defaultConfigurationName = Release;
		};
		CE52984F14AA62BC009BBF0C /* Build configuration list for PBXNativeTarget "YardNews" */ = {
			isa = XCConfigurationList;
			buildConfigurations = (
				CE52985014AA62BC009BBF0C /* Debug */,
				CE52985114AA62BC009BBF0C /* Release */,
			);
			defaultConfigurationIsVisible = 0;
			defaultConfigurationName = Release;
		};
/* End XCConfigurationList section */
	};
	rootObject = CE52981F14AA62BC009BBF0C /* Project object */;
}
